
Microsoft Visual Studio Solution File, Format Version 12.00
# Visual Studio Version 17
VisualStudioVersion = 17.12.35527.113 d17.12
MinimumVisualStudioVersion = 10.0.40219.1
Project("{00D1A9C2-B5F0-4AF3-8072-F6C62B433612}") = "ECommerceDB", "ECommerceDB\ECommerceDB.sqlproj", "{1973CCBC-A0A5-42B1-BEA7-35BB964A58DC}"
EndProject
Global
	GlobalSection(SolutionConfigurationPlatforms) = preSolution
		Debug|Any CPU = Debug|Any CPU
		Release|Any CPU = Release|Any CPU
	EndGlobalSection
	GlobalSection(ProjectConfigurationPlatforms) = postSolution
		{1973CCBC-A0A5-42B1-BEA7-35BB964A58DC}.Debug|Any CPU.ActiveCfg = Debug|Any CPU
		{1973CCBC-A0A5-42B1-BEA7-35BB964A58DC}.Debug|Any CPU.Build.0 = Debug|Any CPU
		{1973CCBC-A0A5-42B1-BEA7-35BB964A58DC}.Debug|Any CPU.Deploy.0 = Debug|Any CPU
		{1973CCBC-A0A5-42B1-BEA7-35BB964A58DC}.Release|Any CPU.ActiveCfg = Release|Any CPU
		{1973CCBC-A0A5-42B1-BEA7-35BB964A58DC}.Release|Any CPU.Build.0 = Release|Any CPU
		{1973CCBC-A0A5-42B1-BEA7-35BB964A58DC}.Release|Any CPU.Deploy.0 = Release|Any CPU
	EndGlobalSection
	GlobalSection(SolutionProperties) = preSolution
		HideSolutionNode = FALSE
	EndGlobalSection
EndGlobal
